
Microsoft Visual Studio Solution File, Format Version 12.00
# Visual Studio 15
VisualStudioVersion = 15.0.27130.2010
MinimumVisualStudioVersion = 10.0.40219.1
Project("{FAE04EC0-301F-11D3-BF4B-00C04F79EFBC}") = "Kiwi.Experience", "Kiwi.Experience\Kiwi.Experience.csproj", "{BFDBF328-E907-42F8-BBFA-38C0AFEF9825}"
EndProject
Global
	GlobalSection(SolutionConfigurationPlatforms) = preSolution
		Debug|Any CPU = Debug|Any CPU
		Release|Any CPU = Release|Any CPU
	EndGlobalSection
	GlobalSection(ProjectConfigurationPlatforms) = postSolution
		{BFDBF328-E907-42F8-BBFA-38C0AFEF9825}.Debug|Any CPU.ActiveCfg = Debug|Any CPU
		{BFDBF328-E907-42F8-BBFA-38C0AFEF9825}.Debug|Any CPU.Build.0 = Debug|Any CPU
		{BFDBF328-E907-42F8-BBFA-38C0AFEF9825}.Release|Any CPU.ActiveCfg = Release|Any CPU
		{BFDBF328-E907-42F8-BBFA-38C0AFEF9825}.Release|Any CPU.Build.0 = Release|Any CPU
	EndGlobalSection
	GlobalSection(SolutionProperties) = preSolution
		HideSolutionNode = FALSE
	EndGlobalSection
	GlobalSection(ExtensibilityGlobals) = postSolution
		SolutionGuid = {64554DB1-943D-4F3E-84EF-8B90B9FFD44C}
	EndGlobalSection
EndGlobal
